{
  "object": {
    "pins": [
      {
        "package": "KituraContracts",
        "repositoryURL": "https://github.com/IBM-Swift/KituraContracts.git",
        "state": {
          "branch": null,
          "revision": "9202eff83bd669ee03ee38497d2b2ee622526db0",
          "version": "0.0.21"
        }
      },
      {
        "package": "LoggerAPI",
        "repositoryURL": "https://github.com/IBM-Swift/LoggerAPI.git",
        "state": {
          "branch": null,
          "revision": "ee0084cbb8bace59b3409cec05bedc5d2e97f8b7",
          "version": "1.7.2"
        }
      },
      {
        "package": "SwiftKuery",
        "repositoryURL": "https://github.com/IBM-Swift/Swift-Kuery.git",
        "state": {
          "branch": null,
          "revision": "3bbaaccf7ce332147ec4f7aed69b5691ebb06617",
          "version": "1.2.0"
        }
      }
    ]
  },
  "version": 1
}
